
Microsoft Visual Studio Solution File, Format Version 12.00
# Visual Studio Version 17
VisualStudioVersion = 17.0.31903.59
MinimumVisualStudioVersion = 10.0.40219.1
Project("{FAE04EC0-301F-11D3-BF4B-00C04F79EFBC}") = "App18", "App18.csproj", "{C59C18AE-24D4-4684-A486-4EFD0B0D0BB4}"
EndProject
Global
	GlobalSection(SolutionConfigurationPlatforms) = preSolution
		Debug|Any CPU = Debug|Any CPU
		Release|Any CPU = Release|Any CPU
	EndGlobalSection
	GlobalSection(ProjectConfigurationPlatforms) = postSolution
		{C59C18AE-24D4-4684-A486-4EFD0B0D0BB4}.Debug|Any CPU.ActiveCfg = Debug|Any CPU
		{C59C18AE-24D4-4684-A486-4EFD0B0D0BB4}.Debug|Any CPU.Build.0 = Debug|Any CPU
		{C59C18AE-24D4-4684-A486-4EFD0B0D0BB4}.Release|Any CPU.ActiveCfg = Release|Any CPU
		{C59C18AE-24D4-4684-A486-4EFD0B0D0BB4}.Release|Any CPU.Build.0 = Release|Any CPU
	EndGlobalSection
	GlobalSection(SolutionProperties) = preSolution
		HideSolutionNode = FALSE
	EndGlobalSection
	GlobalSection(ExtensibilityGlobals) = postSolution
		SolutionGuid = {2B1FF328-6FB9-4431-BFED-E5230CCDFAE3}
	EndGlobalSection
EndGlobal
